
Microsoft Visual Studio Solution File, Format Version 12.00
# Visual Studio Version 17
VisualStudioVersion = 17.0.31903.59
MinimumVisualStudioVersion = 10.0.40219.1
Project("{2150E333-8FDC-42A3-9474-1A3956D46DE8}") = "src", "src", "{827E0CD3-B72D-47B6-A68D-7590B98EB39B}"
EndProject
Project("{FAE04EC0-301F-11D3-BF4B-00C04F79EFBC}") = "NKGGameFramework.Adapter.Unity", "src\NKGGameFramework.Adapter.Unity\NKGGameFramework.Adapter.Unity.csproj", "{798A352D-A316-4C31-8F50-2CC5C3B5C34E}"
EndProject
Project("{FAE04EC0-301F-11D3-BF4B-00C04F79EFBC}") = "NKGGameFramework.Adapter.Godot", "src\NKGGameFramework.Adapter.Godot\NKGGameFramework.Adapter.Godot.csproj", "{59BCB369-372B-4A52-9811-43EA3BBE6A85}"
EndProject
Project("{FAE04EC0-301F-11D3-BF4B-00C04F79EFBC}") = "NKGGameFramework", "src\NKGGameFramework\NKGGameFramework.csproj", "{1A0DE054-6725-47BD-B455-867B3D441C28}"
EndProject
Project("{2150E333-8FDC-42A3-9474-1A3956D46DE8}") = "tests", "tests", "{0AB3BF05-4346-4AA6-1389-037BE0695223}"
EndProject
Project("{FAE04EC0-301F-11D3-BF4B-00C04F79EFBC}") = "NKGGameFramework.Tests", "tests\NKGGameFramework.Tests\NKGGameFramework.Tests.csproj", "{EEB7B26B-7B5C-4DB0-A63C-EEC41FE6AF70}"
EndProject
Project("{2150E333-8FDC-42A3-9474-1A3956D46DE8}") = "externals", "externals", "{ACDB6C76-E445-1D22-A45D-36E5391AD0C9}"
EndProject
Project("{2150E333-8FDC-42A3-9474-1A3956D46DE8}") = "odin-serializer", "odin-serializer", "{3E79CD89-B42B-A329-C149-BEC0E323EB49}"
EndProject
Project("{2150E333-8FDC-42A3-9474-1A3956D46DE8}") = "OdinSerializer", "OdinSerializer", "{2D3D6BF9-406F-EB3E-C70F-ED4CAEA8BF3C}"
EndProject
Project("{FAE04EC0-301F-11D3-BF4B-00C04F79EFBC}") = "OdinSerializerNetCore", "externals\odin-serializer\OdinSerializer\OdinSerializerNetCore.csproj", "{5DD457BD-D41A-45DD-A0D0-1DCDD993B4D0}"
EndProject
Project("{2150E333-8FDC-42A3-9474-1A3956D46DE8}") = "samples", "samples", "{5D20AA90-6969-D8BD-9DCD-8634F4692FDA}"
EndProject
Project("{FAE04EC0-301F-11D3-BF4B-00C04F79EFBC}") = "NKGGameFramework.Sampler", "samples\NKGGameFramework.Sampler\NKGGameFramework.Sampler.csproj", "{107B0040-AB06-4292-AF16-BA06C9897961}"
EndProject
Project("{FAE04EC0-301F-11D3-BF4B-00C04F79EFBC}") = "NKGGameFramework.SkillSystemSampler", "samples\NKGGameFramework.SkillSystemSampler\NKGGameFramework.SkillSystemSampler.csproj", "{9DB5C8F6-3D7D-4B73-8B31-A870147F72AA}"
EndProject
Project("{FAE04EC0-301F-11D3-BF4B-00C04F79EFBC}") = "NKGGameFramework.Hosting", "src\NKGGameFramework.Hosting\NKGGameFramework.Hosting.csproj", "{E176C6B9-87E2-433D-90F0-7CFE0E8B905E}"
EndProject
Project("{FAE04EC0-301F-11D3-BF4B-00C04F79EFBC}") = "NKGGameFramework.Diagnostics", "src\NKGGameFramework.Diagnostics\NKGGameFramework.Diagnostics.csproj", "{325625F2-3D16-4C42-BB08-D0B1E0B0DCFC}"
EndProject
Global
	GlobalSection(SolutionConfigurationPlatforms) = preSolution
		Debug|Any CPU = Debug|Any CPU
		Debug|x64 = Debug|x64
		Debug|x86 = Debug|x86
		Release|Any CPU = Release|Any CPU
		Release|x64 = Release|x64
		Release|x86 = Release|x86
	EndGlobalSection
	GlobalSection(ProjectConfigurationPlatforms) = postSolution
		{798A352D-A316-4C31-8F50-2CC5C3B5C34E}.Debug|Any CPU.ActiveCfg = Debug|Any CPU
		{798A352D-A316-4C31-8F50-2CC5C3B5C34E}.Debug|Any CPU.Build.0 = Debug|Any CPU
		{798A352D-A316-4C31-8F50-2CC5C3B5C34E}.Debug|x64.ActiveCfg = Debug|Any CPU
		{798A352D-A316-4C31-8F50-2CC5C3B5C34E}.Debug|x64.Build.0 = Debug|Any CPU
		{798A352D-A316-4C31-8F50-2CC5C3B5C34E}.Debug|x86.ActiveCfg = Debug|Any CPU
		{798A352D-A316-4C31-8F50-2CC5C3B5C34E}.Debug|x86.Build.0 = Debug|Any CPU
		{798A352D-A316-4C31-8F50-2CC5C3B5C34E}.Release|Any CPU.ActiveCfg = Release|Any CPU
		{798A352D-A316-4C31-8F50-2CC5C3B5C34E}.Release|Any CPU.Build.0 = Release|Any CPU
		{798A352D-A316-4C31-8F50-2CC5C3B5C34E}.Release|x64.ActiveCfg = Release|Any CPU
		{798A352D-A316-4C31-8F50-2CC5C3B5C34E}.Release|x64.Build.0 = Release|Any CPU
		{798A352D-A316-4C31-8F50-2CC5C3B5C34E}.Release|x86.ActiveCfg = Release|Any CPU
		{798A352D-A316-4C31-8F50-2CC5C3B5C34E}.Release|x86.Build.0 = Release|Any CPU
		{59BCB369-372B-4A52-9811-43EA3BBE6A85}.Debug|Any CPU.ActiveCfg = Debug|Any CPU
		{59BCB369-372B-4A52-9811-43EA3BBE6A85}.Debug|Any CPU.Build.0 = Debug|Any CPU
		{59BCB369-372B-4A52-9811-43EA3BBE6A85}.Debug|x64.ActiveCfg = Debug|Any CPU
		{59BCB369-372B-4A52-9811-43EA3BBE6A85}.Debug|x64.Build.0 = Debug|Any CPU
		{59BCB369-372B-4A52-9811-43EA3BBE6A85}.Debug|x86.ActiveCfg = Debug|Any CPU
		{59BCB369-372B-4A52-9811-43EA3BBE6A85}.Debug|x86.Build.0 = Debug|Any CPU
		{59BCB369-372B-4A52-9811-43EA3BBE6A85}.Release|Any CPU.ActiveCfg = Release|Any CPU
		{59BCB369-372B-4A52-9811-43EA3BBE6A85}.Release|Any CPU.Build.0 = Release|Any CPU
		{59BCB369-372B-4A52-9811-43EA3BBE6A85}.Release|x64.ActiveCfg = Release|Any CPU
		{59BCB369-372B-4A52-9811-43EA3BBE6A85}.Release|x64.Build.0 = Release|Any CPU
		{59BCB369-372B-4A52-9811-43EA3BBE6A85}.Release|x86.ActiveCfg = Release|Any CPU
		{59BCB369-372B-4A52-9811-43EA3BBE6A85}.Release|x86.Build.0 = Release|Any CPU
		{1A0DE054-6725-47BD-B455-867B3D441C28}.Debug|Any CPU.ActiveCfg = Debug|Any CPU
		{1A0DE054-6725-47BD-B455-867B3D441C28}.Debug|Any CPU.Build.0 = Debug|Any CPU
		{1A0DE054-6725-47BD-B455-867B3D441C28}.Debug|x64.ActiveCfg = Debug|Any CPU
		{1A0DE054-6725-47BD-B455-867B3D441C28}.Debug|x64.Build.0 = Debug|Any CPU
		{1A0DE054-6725-47BD-B455-867B3D441C28}.Debug|x86.ActiveCfg = Debug|Any CPU
		{1A0DE054-6725-47BD-B455-867B3D441C28}.Debug|x86.Build.0 = Debug|Any CPU
		{1A0DE054-6725-47BD-B455-867B3D441C28}.Release|Any CPU.ActiveCfg = Release|Any CPU
		{1A0DE054-6725-47BD-B455-867B3D441C28}.Release|Any CPU.Build.0 = Release|Any CPU
		{1A0DE054-6725-47BD-B455-867B3D441C28}.Release|x64.ActiveCfg = Release|Any CPU
		{1A0DE054-6725-47BD-B455-867B3D441C28}.Release|x64.Build.0 = Release|Any CPU
		{1A0DE054-6725-47BD-B455-867B3D441C28}.Release|x86.ActiveCfg = Release|Any CPU
		{1A0DE054-6725-47BD-B455-867B3D441C28}.Release|x86.Build.0 = Release|Any CPU
		{EEB7B26B-7B5C-4DB0-A63C-EEC41FE6AF70}.Debug|Any CPU.ActiveCfg = Debug|Any CPU
		{EEB7B26B-7B5C-4DB0-A63C-EEC41FE6AF70}.Debug|Any CPU.Build.0 = Debug|Any CPU
		{EEB7B26B-7B5C-4DB0-A63C-EEC41FE6AF70}.Debug|x64.ActiveCfg = Debug|Any CPU
		{EEB7B26B-7B5C-4DB0-A63C-EEC41FE6AF70}.Debug|x64.Build.0 = Debug|Any CPU
		{EEB7B26B-7B5C-4DB0-A63C-EEC41FE6AF70}.Debug|x86.ActiveCfg = Debug|Any CPU
		{EEB7B26B-7B5C-4DB0-A63C-EEC41FE6AF70}.Debug|x86.Build.0 = Debug|Any CPU
		{EEB7B26B-7B5C-4DB0-A63C-EEC41FE6AF70}.Release|Any CPU.ActiveCfg = Release|Any CPU
		{EEB7B26B-7B5C-4DB0-A63C-EEC41FE6AF70}.Release|Any CPU.Build.0 = Release|Any CPU
		{EEB7B26B-7B5C-4DB0-A63C-EEC41FE6AF70}.Release|x64.ActiveCfg = Release|Any CPU
		{EEB7B26B-7B5C-4DB0-A63C-EEC41FE6AF70}.Release|x64.Build.0 = Release|Any CPU
		{EEB7B26B-7B5C-4DB0-A63C-EEC41FE6AF70}.Release|x86.ActiveCfg = Release|Any CPU
		{EEB7B26B-7B5C-4DB0-A63C-EEC41FE6AF70}.Release|x86.Build.0 = Release|Any CPU
		{5DD457BD-D41A-45DD-A0D0-1DCDD993B4D0}.Debug|Any CPU.ActiveCfg = Debug|Any CPU
		{5DD457BD-D41A-45DD-A0D0-1DCDD993B4D0}.Debug|Any CPU.Build.0 = Debug|Any CPU
		{5DD457BD-D41A-45DD-A0D0-1DCDD993B4D0}.Debug|x64.ActiveCfg = Debug|Any CPU
		{5DD457BD-D41A-45DD-A0D0-1DCDD993B4D0}.Debug|x64.Build.0 = Debug|Any CPU
		{5DD457BD-D41A-45DD-A0D0-1DCDD993B4D0}.Debug|x86.ActiveCfg = Debug|Any CPU
		{5DD457BD-D41A-45DD-A0D0-1DCDD993B4D0}.Debug|x86.Build.0 = Debug|Any CPU
		{5DD457BD-D41A-45DD-A0D0-1DCDD993B4D0}.Release|Any CPU.ActiveCfg = Release|Any CPU
		{5DD457BD-D41A-45DD-A0D0-1DCDD993B4D0}.Release|Any CPU.Build.0 = Release|Any CPU
		{5DD457BD-D41A-45DD-A0D0-1DCDD993B4D0}.Release|x64.ActiveCfg = Release|Any CPU
		{5DD457BD-D41A-45DD-A0D0-1DCDD993B4D0}.Release|x64.Build.0 = Release|Any CPU
		{5DD457BD-D41A-45DD-A0D0-1DCDD993B4D0}.Release|x86.ActiveCfg = Release|Any CPU
		{5DD457BD-D41A-45DD-A0D0-1DCDD993B4D0}.Release|x86.Build.0 = Release|Any CPU
		{107B0040-AB06-4292-AF16-BA06C9897961}.Debug|Any CPU.ActiveCfg = Debug|Any CPU
		{107B0040-AB06-4292-AF16-BA06C9897961}.Debug|Any CPU.Build.0 = Debug|Any CPU
		{107B0040-AB06-4292-AF16-BA06C9897961}.Debug|x64.ActiveCfg = Debug|Any CPU
		{107B0040-AB06-4292-AF16-BA06C9897961}.Debug|x64.Build.0 = Debug|Any CPU
		{107B0040-AB06-4292-AF16-BA06C9897961}.Debug|x86.ActiveCfg = Debug|Any CPU
		{107B0040-AB06-4292-AF16-BA06C9897961}.Debug|x86.Build.0 = Debug|Any CPU
		{107B0040-AB06-4292-AF16-BA06C9897961}.Release|Any CPU.ActiveCfg = Release|Any CPU
		{107B0040-AB06-4292-AF16-BA06C9897961}.Release|Any CPU.Build.0 = Release|Any CPU
		{107B0040-AB06-4292-AF16-BA06C9897961}.Release|x64.ActiveCfg = Release|Any CPU
		{107B0040-AB06-4292-AF16-BA06C9897961}.Release|x64.Build.0 = Release|Any CPU
		{107B0040-AB06-4292-AF16-BA06C9897961}.Release|x86.ActiveCfg = Release|Any CPU
		{107B0040-AB06-4292-AF16-BA06C9897961}.Release|x86.Build.0 = Release|Any CPU
		{9DB5C8F6-3D7D-4B73-8B31-A870147F72AA}.Debug|Any CPU.ActiveCfg = Debug|Any CPU
		{9DB5C8F6-3D7D-4B73-8B31-A870147F72AA}.Debug|Any CPU.Build.0 = Debug|Any CPU
		{9DB5C8F6-3D7D-4B73-8B31-A870147F72AA}.Debug|x64.ActiveCfg = Debug|Any CPU
		{9DB5C8F6-3D7D-4B73-8B31-A870147F72AA}.Debug|x64.Build.0 = Debug|Any CPU
		{9DB5C8F6-3D7D-4B73-8B31-A870147F72AA}.Debug|x86.ActiveCfg = Debug|Any CPU
		{9DB5C8F6-3D7D-4B73-8B31-A870147F72AA}.Debug|x86.Build.0 = Debug|Any CPU
		{9DB5C8F6-3D7D-4B73-8B31-A870147F72AA}.Release|Any CPU.ActiveCfg = Release|Any CPU
		{9DB5C8F6-3D7D-4B73-8B31-A870147F72AA}.Release|Any CPU.Build.0 = Release|Any CPU
		{9DB5C8F6-3D7D-4B73-8B31-A870147F72AA}.Release|x64.ActiveCfg = Release|Any CPU
		{9DB5C8F6-3D7D-4B73-8B31-A870147F72AA}.Release|x64.Build.0 = Release|Any CPU
		{9DB5C8F6-3D7D-4B73-8B31-A870147F72AA}.Release|x86.ActiveCfg = Release|Any CPU
		{9DB5C8F6-3D7D-4B73-8B31-A870147F72AA}.Release|x86.Build.0 = Release|Any CPU
		{E176C6B9-87E2-433D-90F0-7CFE0E8B905E}.Debug|Any CPU.ActiveCfg = Debug|Any CPU
		{E176C6B9-87E2-433D-90F0-7CFE0E8B905E}.Debug|Any CPU.Build.0 = Debug|Any CPU
		{E176C6B9-87E2-433D-90F0-7CFE0E8B905E}.Debug|x64.ActiveCfg = Debug|Any CPU
		{E176C6B9-87E2-433D-90F0-7CFE0E8B905E}.Debug|x64.Build.0 = Debug|Any CPU
		{E176C6B9-87E2-433D-90F0-7CFE0E8B905E}.Debug|x86.ActiveCfg = Debug|Any CPU
		{E176C6B9-87E2-433D-90F0-7CFE0E8B905E}.Debug|x86.Build.0 = Debug|Any CPU
		{E176C6B9-87E2-433D-90F0-7CFE0E8B905E}.Release|Any CPU.ActiveCfg = Release|Any CPU
		{E176C6B9-87E2-433D-90F0-7CFE0E8B905E}.Release|Any CPU.Build.0 = Release|Any CPU
		{E176C6B9-87E2-433D-90F0-7CFE0E8B905E}.Release|x64.ActiveCfg = Release|Any CPU
		{E176C6B9-87E2-433D-90F0-7CFE0E8B905E}.Release|x64.Build.0 = Release|Any CPU
		{E176C6B9-87E2-433D-90F0-7CFE0E8B905E}.Release|x86.ActiveCfg = Release|Any CPU
		{E176C6B9-87E2-433D-90F0-7CFE0E8B905E}.Release|x86.Build.0 = Release|Any CPU
		{325625F2-3D16-4C42-BB08-D0B1E0B0DCFC}.Debug|Any CPU.ActiveCfg = Debug|Any CPU
		{325625F2-3D16-4C42-BB08-D0B1E0B0DCFC}.Debug|Any CPU.Build.0 = Debug|Any CPU
		{325625F2-3D16-4C42-BB08-D0B1E0B0DCFC}.Debug|x64.ActiveCfg = Debug|Any CPU
		{325625F2-3D16-4C42-BB08-D0B1E0B0DCFC}.Debug|x64.Build.0 = Debug|Any CPU
		{325625F2-3D16-4C42-BB08-D0B1E0B0DCFC}.Debug|x86.ActiveCfg = Debug|Any CPU
		{325625F2-3D16-4C42-BB08-D0B1E0B0DCFC}.Debug|x86.Build.0 = Debug|Any CPU
		{325625F2-3D16-4C42-BB08-D0B1E0B0DCFC}.Release|Any CPU.ActiveCfg = Release|Any CPU
		{325625F2-3D16-4C42-BB08-D0B1E0B0DCFC}.Release|Any CPU.Build.0 = Release|Any CPU
		{325625F2-3D16-4C42-BB08-D0B1E0B0DCFC}.Release|x64.ActiveCfg = Release|Any CPU
		{325625F2-3D16-4C42-BB08-D0B1E0B0DCFC}.Release|x64.Build.0 = Release|Any CPU
		{325625F2-3D16-4C42-BB08-D0B1E0B0DCFC}.Release|x86.ActiveCfg = Release|Any CPU
		{325625F2-3D16-4C42-BB08-D0B1E0B0DCFC}.Release|x86.Build.0 = Release|Any CPU
	EndGlobalSection
	GlobalSection(SolutionProperties) = preSolution
		HideSolutionNode = FALSE
	EndGlobalSection
	GlobalSection(NestedProjects) = preSolution
		{798A352D-A316-4C31-8F50-2CC5C3B5C34E} = {827E0CD3-B72D-47B6-A68D-7590B98EB39B}
		{59BCB369-372B-4A52-9811-43EA3BBE6A85} = {827E0CD3-B72D-47B6-A68D-7590B98EB39B}
		{1A0DE054-6725-47BD-B455-867B3D441C28} = {827E0CD3-B72D-47B6-A68D-7590B98EB39B}
		{EEB7B26B-7B5C-4DB0-A63C-EEC41FE6AF70} = {0AB3BF05-4346-4AA6-1389-037BE0695223}
		{3E79CD89-B42B-A329-C149-BEC0E323EB49} = {ACDB6C76-E445-1D22-A45D-36E5391AD0C9}
		{2D3D6BF9-406F-EB3E-C70F-ED4CAEA8BF3C} = {3E79CD89-B42B-A329-C149-BEC0E323EB49}
		{5DD457BD-D41A-45DD-A0D0-1DCDD993B4D0} = {2D3D6BF9-406F-EB3E-C70F-ED4CAEA8BF3C}
		{107B0040-AB06-4292-AF16-BA06C9897961} = {5D20AA90-6969-D8BD-9DCD-8634F4692FDA}
		{9DB5C8F6-3D7D-4B73-8B31-A870147F72AA} = {5D20AA90-6969-D8BD-9DCD-8634F4692FDA}
		{E176C6B9-87E2-433D-90F0-7CFE0E8B905E} = {827E0CD3-B72D-47B6-A68D-7590B98EB39B}
		{325625F2-3D16-4C42-BB08-D0B1E0B0DCFC} = {827E0CD3-B72D-47B6-A68D-7590B98EB39B}
	EndGlobalSection
EndGlobal
